
Microsoft Visual Studio Solution File, Format Version 12.00
# Visual Studio Version 17
VisualStudioVersion = 17.1.32210.238
MinimumVisualStudioVersion = 10.0.40219.1
Project("{2150E333-8FDC-42A3-9474-1A3956D46DE8}") = "01. Clients", "01. Clients", "{80C57FEC-33C8-48CB-BC59-DA5DB88F7C5E}"
EndProject
Project("{2150E333-8FDC-42A3-9474-1A3956D46DE8}") = "02. Api.Gateways", "02. Api.Gateways", "{D180E27D-2A4E-4A38-87E7-5DAE395A6632}"
EndProject
Project("{2150E333-8FDC-42A3-9474-1A3956D46DE8}") = "03. Services", "03. Services", "{11AC7A5D-322F-43FE-8856-442D456DA812}"
EndProject
Project("{2150E333-8FDC-42A3-9474-1A3956D46DE8}") = "01. Identity", "01. Identity", "{644D9799-B407-4716-B66B-1B3637BAA949}"
EndProject
Project("{2150E333-8FDC-42A3-9474-1A3956D46DE8}") = "02. Catalog", "02. Catalog", "{4F149883-FD2D-4FE2-88F2-62B33F0A986E}"
EndProject
Project("{2150E333-8FDC-42A3-9474-1A3956D46DE8}") = "03. Customer", "03. Customer", "{E0061C4F-49D2-4D53-88DB-CDA9589D32F8}"
EndProject
Project("{2150E333-8FDC-42A3-9474-1A3956D46DE8}") = "04. Order", "04. Order", "{DC5EFD2A-049E-4D3A-9E3B-BF136A3DC6C7}"
EndProject
Project("{9A19103F-16F7-4668-BE54-9A1E7A4F7556}") = "Catalog.API", "src\Services\Catalog\Catalog.API\Catalog.API.csproj", "{7D231F45-17AF-4CA2-8BC3-51C798DEEFD9}"
EndProject
Project("{2150E333-8FDC-42A3-9474-1A3956D46DE8}") = "01. API", "01. API", "{4540751E-8FA8-4746-8498-3F8C152CF67B}"
EndProject
Project("{2150E333-8FDC-42A3-9474-1A3956D46DE8}") = "02. Services", "02. Services", "{C082DFD3-C0D9-439A-B61B-D4DDAEEC9AF1}"
EndProject
Project("{2150E333-8FDC-42A3-9474-1A3956D46DE8}") = "03. Persistence", "03. Persistence", "{9D24322D-FD3F-4479-84F6-6E3801E72F4E}"
EndProject
Project("{2150E333-8FDC-42A3-9474-1A3956D46DE8}") = "04. Models", "04. Models", "{C2A8E31C-2A32-4B1F-BAC7-A904C90F8CB9}"
EndProject
Project("{9A19103F-16F7-4668-BE54-9A1E7A4F7556}") = "Catalog.Domain", "src\Services\Catalog\Catalog.Domain\Catalog.Domain.csproj", "{85A99B65-5521-48AF-90A6-3B575A6394CF}"
EndProject
Project("{9A19103F-16F7-4668-BE54-9A1E7A4F7556}") = "Catalog.PersistenceDB", "src\Services\Catalog\Catalog.PersistenceDB\Catalog.PersistenceDB.csproj", "{740A7E37-609E-431E-980D-765DDC6D0D7D}"
EndProject
Project("{2150E333-8FDC-42A3-9474-1A3956D46DE8}") = "Commons", "Commons", "{B9038D01-8C3C-40ED-8A29-87389CBC5EB0}"
EndProject
Project("{9A19103F-16F7-4668-BE54-9A1E7A4F7556}") = "Service.Common.Collection", "src\Services\Catalog\Service.Common.Collection\Service.Common.Collection.csproj", "{5DF987E1-4A47-47E7-8518-69BB651851D0}"
EndProject
Project("{9A19103F-16F7-4668-BE54-9A1E7A4F7556}") = "Service.Common.Pagging", "src\Services\Catalog\Service.Common.Pagging\Service.Common.Pagging.csproj", "{6CEE37B7-6C58-4C3A-9790-E55157C3D5EA}"
EndProject
Project("{9A19103F-16F7-4668-BE54-9A1E7A4F7556}") = "Service.Common.Mapping", "src\Services\Catalog\Service.Common.Mapping\Service.Common.Mapping.csproj", "{CCA32C39-C47C-46B6-B349-9C467C6D07F8}"
EndProject
Project("{9A19103F-16F7-4668-BE54-9A1E7A4F7556}") = "Catalog.Service.Queries", "src\Services\Catalog\Catalog.Service.Queries\Catalog.Service.Queries.csproj", "{1899DE61-4CCC-44F1-B92A-0B7F23FA8748}"
EndProject
Project("{9A19103F-16F7-4668-BE54-9A1E7A4F7556}") = "Catalog.Service.EventHandlers", "src\Services\Catalog\Catalog.Service.EventHandlers\Catalog.Service.EventHandlers.csproj", "{A7C23525-EDC3-4B59-8DB7-E73515D42517}"
EndProject
Project("{9A19103F-16F7-4668-BE54-9A1E7A4F7556}") = "Catalog.Service.Commons", "src\Services\Catalog\Catalog.Service.Commons\Catalog.Service.Commons.csproj", "{13980EFB-2226-4453-B703-CFB6EC46E0FE}"
EndProject
Project("{2150E333-8FDC-42A3-9474-1A3956D46DE8}") = "testing", "testing", "{9E7CE62C-4DF4-43EC-92E2-187D0C529386}"
EndProject
Project("{9A19103F-16F7-4668-BE54-9A1E7A4F7556}") = "Catalog.Test", "src\Services\Catalog\Catalog.Test\Catalog.Test.csproj", "{5F23C904-DE06-4862-966D-D5D20E861D72}"
EndProject
Project("{2150E333-8FDC-42A3-9474-1A3956D46DE8}") = "01. API", "01. API", "{56F4F905-82E9-47A9-B37B-AB771A0BA033}"
EndProject
Project("{2150E333-8FDC-42A3-9474-1A3956D46DE8}") = "02. Services", "02. Services", "{113EF341-C75D-48CC-A2D2-419FF91F8FD7}"
EndProject
Project("{2150E333-8FDC-42A3-9474-1A3956D46DE8}") = "03. Persistence", "03. Persistence", "{4CBF34C0-1551-4A59-8597-D7F9C988D23E}"
EndProject
Project("{2150E333-8FDC-42A3-9474-1A3956D46DE8}") = "04. Models", "04. Models", "{A0014A34-30BE-4A86-BEFA-314971E0CD44}"
EndProject
Project("{9A19103F-16F7-4668-BE54-9A1E7A4F7556}") = "Identity.Domain", "src\Services\Identity\Identity.Domain\Identity.Domain.csproj", "{014108CE-57C5-4680-A301-53A4089D21EA}"
EndProject
Project("{9A19103F-16F7-4668-BE54-9A1E7A4F7556}") = "Identity.Persistence.DB", "src\Services\Identity\Identity.Persistence.DB\Identity.Persistence.DB.csproj", "{6F2351F9-564F-48BF-9E14-D3621FF0A2F0}"
EndProject
Project("{9A19103F-16F7-4668-BE54-9A1E7A4F7556}") = "Identity.API", "src\Services\Identity\Identity.API\Identity.API.csproj", "{1E31858E-4AB7-43A9-8616-B6A866A4289D}"
EndProject
Project("{9A19103F-16F7-4668-BE54-9A1E7A4F7556}") = "Identity.Service.EventHandlers", "src\Services\Identity\Identity.Service.EventHandlers\Identity.Service.EventHandlers.csproj", "{AAF9F89C-93D9-4E54-BF48-BF459AF2D99B}"
EndProject
Project("{2150E333-8FDC-42A3-9474-1A3956D46DE8}") = "01. API", "01. API", "{B3E60F63-E550-4F24-AA53-204369BEC677}"
EndProject
Project("{2150E333-8FDC-42A3-9474-1A3956D46DE8}") = "02. Services", "02. Services", "{684FA4AD-D556-4E32-BE8E-05312FEF815B}"
EndProject
Project("{2150E333-8FDC-42A3-9474-1A3956D46DE8}") = "03. Persistence", "03. Persistence", "{60877B0B-641A-42B1-82B9-33F4C29B09B3}"
EndProject
Project("{2150E333-8FDC-42A3-9474-1A3956D46DE8}") = "04. Models", "04. Models", "{3C035A72-D04B-46D2-8023-B3336E6923D2}"
EndProject
Project("{FAE04EC0-301F-11D3-BF4B-00C04F79EFBC}") = "Customer.Domain", "src\Services\Customer\Customer.Domain\Customer.Domain.csproj", "{2185B889-9D50-4C1A-9437-5AE8AFEE8E3F}"
EndProject
Project("{FAE04EC0-301F-11D3-BF4B-00C04F79EFBC}") = "Customer.Persistence.Database", "src\Services\Customer\Customer.Persistence.Database\Customer.Persistence.Database.csproj", "{98528269-250D-4221-A929-C69F6DD9BA1F}"
EndProject
Project("{FAE04EC0-301F-11D3-BF4B-00C04F79EFBC}") = "Customer.Service.Queries", "src\Services\Customer\Customer.Service.Queries\Customer.Service.Queries.csproj", "{07C1601D-DA25-4FE9-957D-15000C41D7AA}"
EndProject
Project("{FAE04EC0-301F-11D3-BF4B-00C04F79EFBC}") = "Customer.Service.EventHandlers", "src\Services\Customer\Customer.Service.EventHandlers\Customer.Service.EventHandlers.csproj", "{ACE497DD-E0B7-442E-9957-0BBAB55016EC}"
EndProject
Project("{FAE04EC0-301F-11D3-BF4B-00C04F79EFBC}") = "Customer.API", "src\Services\Customer\Customer.API\Customer.API.csproj", "{755A2D74-631B-4B16-A436-C407F11F18C4}"
EndProject
Project("{2150E333-8FDC-42A3-9474-1A3956D46DE8}") = "01. API", "01. API", "{FAD8D990-D6C1-4E9B-9C68-C87AD304B804}"
EndProject
Project("{2150E333-8FDC-42A3-9474-1A3956D46DE8}") = "02. Services", "02. Services", "{3735705E-16AB-40E1-89DE-FB6573013FB9}"
EndProject
Project("{2150E333-8FDC-42A3-9474-1A3956D46DE8}") = "03. Persistence", "03. Persistence", "{0A866629-41C9-4DC9-9E1C-7994FE5F95C8}"
EndProject
Project("{2150E333-8FDC-42A3-9474-1A3956D46DE8}") = "04. Models", "04. Models", "{1E2B4127-115C-4295-B79F-C4EC0FC09732}"
EndProject
Project("{2150E333-8FDC-42A3-9474-1A3956D46DE8}") = "Commons", "Commons", "{4D5B085B-56D8-4B5D-B241-095BAF807F2A}"
EndProject
Project("{FAE04EC0-301F-11D3-BF4B-00C04F79EFBC}") = "Orden.Common", "src\Services\Order\Orden.Common\Orden.Common.csproj", "{8EC23221-95E5-4F5A-9655-3A54161115CB}"
EndProject
Project("{FAE04EC0-301F-11D3-BF4B-00C04F79EFBC}") = "Order.Domian", "src\Services\Order\Order.Domian\Order.Domian.csproj", "{F6C80448-C8FB-436C-AA11-C8C759A31988}"
EndProject
Project("{FAE04EC0-301F-11D3-BF4B-00C04F79EFBC}") = "Order.Persistence.Database", "Order.Persistence.Database\Order.Persistence.Database.csproj", "{38D6FE21-5F0F-4D0B-BDD2-09E7A6663D16}"
EndProject
Project("{FAE04EC0-301F-11D3-BF4B-00C04F79EFBC}") = "Order.Services.Queries", "src\Services\Order\Order.Services.Queries\Order.Services.Queries.csproj", "{1AF7DDB0-D9DA-4225-8670-54CAD2DE9B11}"
EndProject
Project("{FAE04EC0-301F-11D3-BF4B-00C04F79EFBC}") = "Order.Service.Handlers", "src\Services\Order\Order.Service.Handlers\Order.Service.Handlers.csproj", "{D5841726-E89A-4E5B-851D-CC0CDD539FA2}"
EndProject
Project("{FAE04EC0-301F-11D3-BF4B-00C04F79EFBC}") = "Order.Service.Proxies", "src\Services\Order\Order.Service.Proxies\Order.Service.Proxies.csproj", "{B6C033F7-91F3-42CC-A9FD-B04191C4A6CC}"
EndProject
Project("{FAE04EC0-301F-11D3-BF4B-00C04F79EFBC}") = "Order.API", "src\Services\Order\Order.API\Order.API.csproj", "{DE4FA52F-AC2A-4767-8FC8-6A0FE70C2502}"
EndProject
Global
	GlobalSection(SolutionConfigurationPlatforms) = preSolution
		Debug|Any CPU = Debug|Any CPU
		Release|Any CPU = Release|Any CPU
	EndGlobalSection
	GlobalSection(ProjectConfigurationPlatforms) = postSolution
		{7D231F45-17AF-4CA2-8BC3-51C798DEEFD9}.Debug|Any CPU.ActiveCfg = Debug|Any CPU
		{7D231F45-17AF-4CA2-8BC3-51C798DEEFD9}.Debug|Any CPU.Build.0 = Debug|Any CPU
		{7D231F45-17AF-4CA2-8BC3-51C798DEEFD9}.Release|Any CPU.ActiveCfg = Release|Any CPU
		{7D231F45-17AF-4CA2-8BC3-51C798DEEFD9}.Release|Any CPU.Build.0 = Release|Any CPU
		{85A99B65-5521-48AF-90A6-3B575A6394CF}.Debug|Any CPU.ActiveCfg = Debug|Any CPU
		{85A99B65-5521-48AF-90A6-3B575A6394CF}.Debug|Any CPU.Build.0 = Debug|Any CPU
		{85A99B65-5521-48AF-90A6-3B575A6394CF}.Release|Any CPU.ActiveCfg = Release|Any CPU
		{85A99B65-5521-48AF-90A6-3B575A6394CF}.Release|Any CPU.Build.0 = Release|Any CPU
		{740A7E37-609E-431E-980D-765DDC6D0D7D}.Debug|Any CPU.ActiveCfg = Debug|Any CPU
		{740A7E37-609E-431E-980D-765DDC6D0D7D}.Debug|Any CPU.Build.0 = Debug|Any CPU
		{740A7E37-609E-431E-980D-765DDC6D0D7D}.Release|Any CPU.ActiveCfg = Release|Any CPU
		{740A7E37-609E-431E-980D-765DDC6D0D7D}.Release|Any CPU.Build.0 = Release|Any CPU
		{5DF987E1-4A47-47E7-8518-69BB651851D0}.Debug|Any CPU.ActiveCfg = Debug|Any CPU
		{5DF987E1-4A47-47E7-8518-69BB651851D0}.Debug|Any CPU.Build.0 = Debug|Any CPU
		{5DF987E1-4A47-47E7-8518-69BB651851D0}.Release|Any CPU.ActiveCfg = Release|Any CPU
		{5DF987E1-4A47-47E7-8518-69BB651851D0}.Release|Any CPU.Build.0 = Release|Any CPU
		{6CEE37B7-6C58-4C3A-9790-E55157C3D5EA}.Debug|Any CPU.ActiveCfg = Debug|Any CPU
		{6CEE37B7-6C58-4C3A-9790-E55157C3D5EA}.Debug|Any CPU.Build.0 = Debug|Any CPU
		{6CEE37B7-6C58-4C3A-9790-E55157C3D5EA}.Release|Any CPU.ActiveCfg = Release|Any CPU
		{6CEE37B7-6C58-4C3A-9790-E55157C3D5EA}.Release|Any CPU.Build.0 = Release|Any CPU
		{CCA32C39-C47C-46B6-B349-9C467C6D07F8}.Debug|Any CPU.ActiveCfg = Debug|Any CPU
		{CCA32C39-C47C-46B6-B349-9C467C6D07F8}.Debug|Any CPU.Build.0 = Debug|Any CPU
		{CCA32C39-C47C-46B6-B349-9C467C6D07F8}.Release|Any CPU.ActiveCfg = Release|Any CPU
		{CCA32C39-C47C-46B6-B349-9C467C6D07F8}.Release|Any CPU.Build.0 = Release|Any CPU
		{1899DE61-4CCC-44F1-B92A-0B7F23FA8748}.Debug|Any CPU.ActiveCfg = Debug|Any CPU
		{1899DE61-4CCC-44F1-B92A-0B7F23FA8748}.Debug|Any CPU.Build.0 = Debug|Any CPU
		{1899DE61-4CCC-44F1-B92A-0B7F23FA8748}.Release|Any CPU.ActiveCfg = Release|Any CPU
		{1899DE61-4CCC-44F1-B92A-0B7F23FA8748}.Release|Any CPU.Build.0 = Release|Any CPU
		{A7C23525-EDC3-4B59-8DB7-E73515D42517}.Debug|Any CPU.ActiveCfg = Debug|Any CPU
		{A7C23525-EDC3-4B59-8DB7-E73515D42517}.Debug|Any CPU.Build.0 = Debug|Any CPU
		{A7C23525-EDC3-4B59-8DB7-E73515D42517}.Release|Any CPU.ActiveCfg = Release|Any CPU
		{A7C23525-EDC3-4B59-8DB7-E73515D42517}.Release|Any CPU.Build.0 = Release|Any CPU
		{13980EFB-2226-4453-B703-CFB6EC46E0FE}.Debug|Any CPU.ActiveCfg = Debug|Any CPU
		{13980EFB-2226-4453-B703-CFB6EC46E0FE}.Debug|Any CPU.Build.0 = Debug|Any CPU
		{13980EFB-2226-4453-B703-CFB6EC46E0FE}.Release|Any CPU.ActiveCfg = Release|Any CPU
		{13980EFB-2226-4453-B703-CFB6EC46E0FE}.Release|Any CPU.Build.0 = Release|Any CPU
		{5F23C904-DE06-4862-966D-D5D20E861D72}.Debug|Any CPU.ActiveCfg = Debug|Any CPU
		{5F23C904-DE06-4862-966D-D5D20E861D72}.Debug|Any CPU.Build.0 = Debug|Any CPU
		{5F23C904-DE06-4862-966D-D5D20E861D72}.Release|Any CPU.ActiveCfg = Release|Any CPU
		{5F23C904-DE06-4862-966D-D5D20E861D72}.Release|Any CPU.Build.0 = Release|Any CPU
		{014108CE-57C5-4680-A301-53A4089D21EA}.Debug|Any CPU.ActiveCfg = Debug|Any CPU
		{014108CE-57C5-4680-A301-53A4089D21EA}.Debug|Any CPU.Build.0 = Debug|Any CPU
		{014108CE-57C5-4680-A301-53A4089D21EA}.Release|Any CPU.ActiveCfg = Release|Any CPU
		{014108CE-57C5-4680-A301-53A4089D21EA}.Release|Any CPU.Build.0 = Release|Any CPU
		{6F2351F9-564F-48BF-9E14-D3621FF0A2F0}.Debug|Any CPU.ActiveCfg = Debug|Any CPU
		{6F2351F9-564F-48BF-9E14-D3621FF0A2F0}.Debug|Any CPU.Build.0 = Debug|Any CPU
		{6F2351F9-564F-48BF-9E14-D3621FF0A2F0}.Release|Any CPU.ActiveCfg = Release|Any CPU
		{6F2351F9-564F-48BF-9E14-D3621FF0A2F0}.Release|Any CPU.Build.0 = Release|Any CPU
		{1E31858E-4AB7-43A9-8616-B6A866A4289D}.Debug|Any CPU.ActiveCfg = Debug|Any CPU
		{1E31858E-4AB7-43A9-8616-B6A866A4289D}.Debug|Any CPU.Build.0 = Debug|Any CPU
		{1E31858E-4AB7-43A9-8616-B6A866A4289D}.Release|Any CPU.ActiveCfg = Release|Any CPU
		{1E31858E-4AB7-43A9-8616-B6A866A4289D}.Release|Any CPU.Build.0 = Release|Any CPU
		{AAF9F89C-93D9-4E54-BF48-BF459AF2D99B}.Debug|Any CPU.ActiveCfg = Debug|Any CPU
		{AAF9F89C-93D9-4E54-BF48-BF459AF2D99B}.Debug|Any CPU.Build.0 = Debug|Any CPU
		{AAF9F89C-93D9-4E54-BF48-BF459AF2D99B}.Release|Any CPU.ActiveCfg = Release|Any CPU
		{AAF9F89C-93D9-4E54-BF48-BF459AF2D99B}.Release|Any CPU.Build.0 = Release|Any CPU
		{2185B889-9D50-4C1A-9437-5AE8AFEE8E3F}.Debug|Any CPU.ActiveCfg = Debug|Any CPU
		{2185B889-9D50-4C1A-9437-5AE8AFEE8E3F}.Debug|Any CPU.Build.0 = Debug|Any CPU
		{2185B889-9D50-4C1A-9437-5AE8AFEE8E3F}.Release|Any CPU.ActiveCfg = Release|Any CPU
		{2185B889-9D50-4C1A-9437-5AE8AFEE8E3F}.Release|Any CPU.Build.0 = Release|Any CPU
		{98528269-250D-4221-A929-C69F6DD9BA1F}.Debug|Any CPU.ActiveCfg = Debug|Any CPU
		{98528269-250D-4221-A929-C69F6DD9BA1F}.Debug|Any CPU.Build.0 = Debug|Any CPU
		{98528269-250D-4221-A929-C69F6DD9BA1F}.Release|Any CPU.ActiveCfg = Release|Any CPU
		{98528269-250D-4221-A929-C69F6DD9BA1F}.Release|Any CPU.Build.0 = Release|Any CPU
		{07C1601D-DA25-4FE9-957D-15000C41D7AA}.Debug|Any CPU.ActiveCfg = Debug|Any CPU
		{07C1601D-DA25-4FE9-957D-15000C41D7AA}.Debug|Any CPU.Build.0 = Debug|Any CPU
		{07C1601D-DA25-4FE9-957D-15000C41D7AA}.Release|Any CPU.ActiveCfg = Release|Any CPU
		{07C1601D-DA25-4FE9-957D-15000C41D7AA}.Release|Any CPU.Build.0 = Release|Any CPU
		{ACE497DD-E0B7-442E-9957-0BBAB55016EC}.Debug|Any CPU.ActiveCfg = Debug|Any CPU
		{ACE497DD-E0B7-442E-9957-0BBAB55016EC}.Debug|Any CPU.Build.0 = Debug|Any CPU
		{ACE497DD-E0B7-442E-9957-0BBAB55016EC}.Release|Any CPU.ActiveCfg = Release|Any CPU
		{ACE497DD-E0B7-442E-9957-0BBAB55016EC}.Release|Any CPU.Build.0 = Release|Any CPU
		{755A2D74-631B-4B16-A436-C407F11F18C4}.Debug|Any CPU.ActiveCfg = Debug|Any CPU
		{755A2D74-631B-4B16-A436-C407F11F18C4}.Debug|Any CPU.Build.0 = Debug|Any CPU
		{755A2D74-631B-4B16-A436-C407F11F18C4}.Release|Any CPU.ActiveCfg = Release|Any CPU
		{755A2D74-631B-4B16-A436-C407F11F18C4}.Release|Any CPU.Build.0 = Release|Any CPU
		{8EC23221-95E5-4F5A-9655-3A54161115CB}.Debug|Any CPU.ActiveCfg = Debug|Any CPU
		{8EC23221-95E5-4F5A-9655-3A54161115CB}.Debug|Any CPU.Build.0 = Debug|Any CPU
		{8EC23221-95E5-4F5A-9655-3A54161115CB}.Release|Any CPU.ActiveCfg = Release|Any CPU
		{8EC23221-95E5-4F5A-9655-3A54161115CB}.Release|Any CPU.Build.0 = Release|Any CPU
		{F6C80448-C8FB-436C-AA11-C8C759A31988}.Debug|Any CPU.ActiveCfg = Debug|Any CPU
		{F6C80448-C8FB-436C-AA11-C8C759A31988}.Debug|Any CPU.Build.0 = Debug|Any CPU
		{F6C80448-C8FB-436C-AA11-C8C759A31988}.Release|Any CPU.ActiveCfg = Release|Any CPU
		{F6C80448-C8FB-436C-AA11-C8C759A31988}.Release|Any CPU.Build.0 = Release|Any CPU
		{38D6FE21-5F0F-4D0B-BDD2-09E7A6663D16}.Debug|Any CPU.ActiveCfg = Debug|Any CPU
		{38D6FE21-5F0F-4D0B-BDD2-09E7A6663D16}.Debug|Any CPU.Build.0 = Debug|Any CPU
		{38D6FE21-5F0F-4D0B-BDD2-09E7A6663D16}.Release|Any CPU.ActiveCfg = Release|Any CPU
		{38D6FE21-5F0F-4D0B-BDD2-09E7A6663D16}.Release|Any CPU.Build.0 = Release|Any CPU
		{1AF7DDB0-D9DA-4225-8670-54CAD2DE9B11}.Debug|Any CPU.ActiveCfg = Debug|Any CPU
		{1AF7DDB0-D9DA-4225-8670-54CAD2DE9B11}.Debug|Any CPU.Build.0 = Debug|Any CPU
		{1AF7DDB0-D9DA-4225-8670-54CAD2DE9B11}.Release|Any CPU.ActiveCfg = Release|Any CPU
		{1AF7DDB0-D9DA-4225-8670-54CAD2DE9B11}.Release|Any CPU.Build.0 = Release|Any CPU
		{D5841726-E89A-4E5B-851D-CC0CDD539FA2}.Debug|Any CPU.ActiveCfg = Debug|Any CPU
		{D5841726-E89A-4E5B-851D-CC0CDD539FA2}.Debug|Any CPU.Build.0 = Debug|Any CPU
		{D5841726-E89A-4E5B-851D-CC0CDD539FA2}.Release|Any CPU.ActiveCfg = Release|Any CPU
		{D5841726-E89A-4E5B-851D-CC0CDD539FA2}.Release|Any CPU.Build.0 = Release|Any CPU
		{B6C033F7-91F3-42CC-A9FD-B04191C4A6CC}.Debug|Any CPU.ActiveCfg = Debug|Any CPU
		{B6C033F7-91F3-42CC-A9FD-B04191C4A6CC}.Debug|Any CPU.Build.0 = Debug|Any CPU
		{B6C033F7-91F3-42CC-A9FD-B04191C4A6CC}.Release|Any CPU.ActiveCfg = Release|Any CPU
		{B6C033F7-91F3-42CC-A9FD-B04191C4A6CC}.Release|Any CPU.Build.0 = Release|Any CPU
		{DE4FA52F-AC2A-4767-8FC8-6A0FE70C2502}.Debug|Any CPU.ActiveCfg = Debug|Any CPU
		{DE4FA52F-AC2A-4767-8FC8-6A0FE70C2502}.Debug|Any CPU.Build.0 = Debug|Any CPU
		{DE4FA52F-AC2A-4767-8FC8-6A0FE70C2502}.Release|Any CPU.ActiveCfg = Release|Any CPU
		{DE4FA52F-AC2A-4767-8FC8-6A0FE70C2502}.Release|Any CPU.Build.0 = Release|Any CPU
	EndGlobalSection
	GlobalSection(SolutionProperties) = preSolution
		HideSolutionNode = FALSE
	EndGlobalSection
	GlobalSection(NestedProjects) = preSolution
		{644D9799-B407-4716-B66B-1B3637BAA949} = {11AC7A5D-322F-43FE-8856-442D456DA812}
		{4F149883-FD2D-4FE2-88F2-62B33F0A986E} = {11AC7A5D-322F-43FE-8856-442D456DA812}
		{E0061C4F-49D2-4D53-88DB-CDA9589D32F8} = {11AC7A5D-322F-43FE-8856-442D456DA812}
		{DC5EFD2A-049E-4D3A-9E3B-BF136A3DC6C7} = {11AC7A5D-322F-43FE-8856-442D456DA812}
		{7D231F45-17AF-4CA2-8BC3-51C798DEEFD9} = {4540751E-8FA8-4746-8498-3F8C152CF67B}
		{4540751E-8FA8-4746-8498-3F8C152CF67B} = {4F149883-FD2D-4FE2-88F2-62B33F0A986E}
		{C082DFD3-C0D9-439A-B61B-D4DDAEEC9AF1} = {4F149883-FD2D-4FE2-88F2-62B33F0A986E}
		{9D24322D-FD3F-4479-84F6-6E3801E72F4E} = {4F149883-FD2D-4FE2-88F2-62B33F0A986E}
		{C2A8E31C-2A32-4B1F-BAC7-A904C90F8CB9} = {4F149883-FD2D-4FE2-88F2-62B33F0A986E}
		{85A99B65-5521-48AF-90A6-3B575A6394CF} = {C2A8E31C-2A32-4B1F-BAC7-A904C90F8CB9}
		{740A7E37-609E-431E-980D-765DDC6D0D7D} = {9D24322D-FD3F-4479-84F6-6E3801E72F4E}
		{B9038D01-8C3C-40ED-8A29-87389CBC5EB0} = {4F149883-FD2D-4FE2-88F2-62B33F0A986E}
		{5DF987E1-4A47-47E7-8518-69BB651851D0} = {B9038D01-8C3C-40ED-8A29-87389CBC5EB0}
		{6CEE37B7-6C58-4C3A-9790-E55157C3D5EA} = {B9038D01-8C3C-40ED-8A29-87389CBC5EB0}
		{CCA32C39-C47C-46B6-B349-9C467C6D07F8} = {B9038D01-8C3C-40ED-8A29-87389CBC5EB0}
		{1899DE61-4CCC-44F1-B92A-0B7F23FA8748} = {C082DFD3-C0D9-439A-B61B-D4DDAEEC9AF1}
		{A7C23525-EDC3-4B59-8DB7-E73515D42517} = {C082DFD3-C0D9-439A-B61B-D4DDAEEC9AF1}
		{13980EFB-2226-4453-B703-CFB6EC46E0FE} = {B9038D01-8C3C-40ED-8A29-87389CBC5EB0}
		{9E7CE62C-4DF4-43EC-92E2-187D0C529386} = {4F149883-FD2D-4FE2-88F2-62B33F0A986E}
		{5F23C904-DE06-4862-966D-D5D20E861D72} = {9E7CE62C-4DF4-43EC-92E2-187D0C529386}
		{56F4F905-82E9-47A9-B37B-AB771A0BA033} = {644D9799-B407-4716-B66B-1B3637BAA949}
		{113EF341-C75D-48CC-A2D2-419FF91F8FD7} = {644D9799-B407-4716-B66B-1B3637BAA949}
		{4CBF34C0-1551-4A59-8597-D7F9C988D23E} = {644D9799-B407-4716-B66B-1B3637BAA949}
		{A0014A34-30BE-4A86-BEFA-314971E0CD44} = {644D9799-B407-4716-B66B-1B3637BAA949}
		{014108CE-57C5-4680-A301-53A4089D21EA} = {A0014A34-30BE-4A86-BEFA-314971E0CD44}
		{6F2351F9-564F-48BF-9E14-D3621FF0A2F0} = {4CBF34C0-1551-4A59-8597-D7F9C988D23E}
		{1E31858E-4AB7-43A9-8616-B6A866A4289D} = {56F4F905-82E9-47A9-B37B-AB771A0BA033}
		{AAF9F89C-93D9-4E54-BF48-BF459AF2D99B} = {113EF341-C75D-48CC-A2D2-419FF91F8FD7}
		{B3E60F63-E550-4F24-AA53-204369BEC677} = {E0061C4F-49D2-4D53-88DB-CDA9589D32F8}
		{684FA4AD-D556-4E32-BE8E-05312FEF815B} = {E0061C4F-49D2-4D53-88DB-CDA9589D32F8}
		{60877B0B-641A-42B1-82B9-33F4C29B09B3} = {E0061C4F-49D2-4D53-88DB-CDA9589D32F8}
		{3C035A72-D04B-46D2-8023-B3336E6923D2} = {E0061C4F-49D2-4D53-88DB-CDA9589D32F8}
		{2185B889-9D50-4C1A-9437-5AE8AFEE8E3F} = {3C035A72-D04B-46D2-8023-B3336E6923D2}
		{98528269-250D-4221-A929-C69F6DD9BA1F} = {60877B0B-641A-42B1-82B9-33F4C29B09B3}
		{07C1601D-DA25-4FE9-957D-15000C41D7AA} = {684FA4AD-D556-4E32-BE8E-05312FEF815B}
		{ACE497DD-E0B7-442E-9957-0BBAB55016EC} = {684FA4AD-D556-4E32-BE8E-05312FEF815B}
		{755A2D74-631B-4B16-A436-C407F11F18C4} = {B3E60F63-E550-4F24-AA53-204369BEC677}
		{FAD8D990-D6C1-4E9B-9C68-C87AD304B804} = {DC5EFD2A-049E-4D3A-9E3B-BF136A3DC6C7}
		{3735705E-16AB-40E1-89DE-FB6573013FB9} = {DC5EFD2A-049E-4D3A-9E3B-BF136A3DC6C7}
		{0A866629-41C9-4DC9-9E1C-7994FE5F95C8} = {DC5EFD2A-049E-4D3A-9E3B-BF136A3DC6C7}
		{1E2B4127-115C-4295-B79F-C4EC0FC09732} = {DC5EFD2A-049E-4D3A-9E3B-BF136A3DC6C7}
		{4D5B085B-56D8-4B5D-B241-095BAF807F2A} = {DC5EFD2A-049E-4D3A-9E3B-BF136A3DC6C7}
		{8EC23221-95E5-4F5A-9655-3A54161115CB} = {4D5B085B-56D8-4B5D-B241-095BAF807F2A}
		{F6C80448-C8FB-436C-AA11-C8C759A31988} = {1E2B4127-115C-4295-B79F-C4EC0FC09732}
		{38D6FE21-5F0F-4D0B-BDD2-09E7A6663D16} = {0A866629-41C9-4DC9-9E1C-7994FE5F95C8}
		{1AF7DDB0-D9DA-4225-8670-54CAD2DE9B11} = {3735705E-16AB-40E1-89DE-FB6573013FB9}
		{D5841726-E89A-4E5B-851D-CC0CDD539FA2} = {3735705E-16AB-40E1-89DE-FB6573013FB9}
		{B6C033F7-91F3-42CC-A9FD-B04191C4A6CC} = {3735705E-16AB-40E1-89DE-FB6573013FB9}
		{DE4FA52F-AC2A-4767-8FC8-6A0FE70C2502} = {FAD8D990-D6C1-4E9B-9C68-C87AD304B804}
	EndGlobalSection
	GlobalSection(ExtensibilityGlobals) = postSolution
		SolutionGuid = {87BDEDD7-AE9F-42C7-A3F7-09B88A06FF1C}
	EndGlobalSection
EndGlobal
