
Microsoft Visual Studio Solution File, Format Version 12.00
# Visual Studio Version 17
VisualStudioVersion = 17.1.32210.238
MinimumVisualStudioVersion = 10.0.40219.1
Project("{2150E333-8FDC-42A3-9474-1A3956D46DE8}") = "01. Clients", "01. Clients", "{80C57FEC-33C8-48CB-BC59-DA5DB88F7C5E}"
EndProject
Project("{2150E333-8FDC-42A3-9474-1A3956D46DE8}") = "02. Api.Gateways", "02. Api.Gateways", "{D180E27D-2A4E-4A38-87E7-5DAE395A6632}"
EndProject
Project("{2150E333-8FDC-42A3-9474-1A3956D46DE8}") = "03. Services", "03. Services", "{11AC7A5D-322F-43FE-8856-442D456DA812}"
EndProject
Project("{2150E333-8FDC-42A3-9474-1A3956D46DE8}") = "01. Identity", "01. Identity", "{644D9799-B407-4716-B66B-1B3637BAA949}"
EndProject
Project("{2150E333-8FDC-42A3-9474-1A3956D46DE8}") = "02. Catalog", "02. Catalog", "{4F149883-FD2D-4FE2-88F2-62B33F0A986E}"
EndProject
Project("{2150E333-8FDC-42A3-9474-1A3956D46DE8}") = "03. Customer", "03. Customer", "{E0061C4F-49D2-4D53-88DB-CDA9589D32F8}"
EndProject
Project("{2150E333-8FDC-42A3-9474-1A3956D46DE8}") = "04. Order", "04. Order", "{DC5EFD2A-049E-4D3A-9E3B-BF136A3DC6C7}"
EndProject
Project("{9A19103F-16F7-4668-BE54-9A1E7A4F7556}") = "Catalog.API", "src\Services\Catalog\Catalog.API\Catalog.API.csproj", "{7D231F45-17AF-4CA2-8BC3-51C798DEEFD9}"
EndProject
Project("{2150E333-8FDC-42A3-9474-1A3956D46DE8}") = "01. API", "01. API", "{4540751E-8FA8-4746-8498-3F8C152CF67B}"
EndProject
Project("{2150E333-8FDC-42A3-9474-1A3956D46DE8}") = "02. Services", "02. Services", "{C082DFD3-C0D9-439A-B61B-D4DDAEEC9AF1}"
EndProject
Project("{2150E333-8FDC-42A3-9474-1A3956D46DE8}") = "03. Persistence", "03. Persistence", "{9D24322D-FD3F-4479-84F6-6E3801E72F4E}"
EndProject
Project("{2150E333-8FDC-42A3-9474-1A3956D46DE8}") = "04. Models", "04. Models", "{C2A8E31C-2A32-4B1F-BAC7-A904C90F8CB9}"
EndProject
Project("{9A19103F-16F7-4668-BE54-9A1E7A4F7556}") = "Catalog.Domain", "src\Services\Catalog\Catalog.Domain\Catalog.Domain.csproj", "{85A99B65-5521-48AF-90A6-3B575A6394CF}"
EndProject
Project("{9A19103F-16F7-4668-BE54-9A1E7A4F7556}") = "Catalog.PersistenceDB", "src\Services\Catalog\Catalog.PersistenceDB\Catalog.PersistenceDB.csproj", "{740A7E37-609E-431E-980D-765DDC6D0D7D}"
EndProject
Project("{2150E333-8FDC-42A3-9474-1A3956D46DE8}") = "Commons", "Commons", "{B9038D01-8C3C-40ED-8A29-87389CBC5EB0}"
EndProject
Project("{9A19103F-16F7-4668-BE54-9A1E7A4F7556}") = "Service.Common.Collection", "src\Services\Catalog\Service.Common.Collection\Service.Common.Collection.csproj", "{5DF987E1-4A47-47E7-8518-69BB651851D0}"
EndProject
Project("{9A19103F-16F7-4668-BE54-9A1E7A4F7556}") = "Service.Common.Pagging", "src\Services\Catalog\Service.Common.Pagging\Service.Common.Pagging.csproj", "{6CEE37B7-6C58-4C3A-9790-E55157C3D5EA}"
EndProject
Project("{9A19103F-16F7-4668-BE54-9A1E7A4F7556}") = "Service.Common.Mapping", "src\Services\Catalog\Service.Common.Mapping\Service.Common.Mapping.csproj", "{CCA32C39-C47C-46B6-B349-9C467C6D07F8}"
EndProject
Project("{9A19103F-16F7-4668-BE54-9A1E7A4F7556}") = "Catalog.Service.Queries", "src\Services\Catalog\Catalog.Service.Queries\Catalog.Service.Queries.csproj", "{1899DE61-4CCC-44F1-B92A-0B7F23FA8748}"
EndProject
Project("{FAE04EC0-301F-11D3-BF4B-00C04F79EFBC}") = "Catalog.Service.EventHandlers", "src\Services\Catalog\Catalog.Service.EventHandlers\Catalog.Service.EventHandlers.csproj", "{A7C23525-EDC3-4B59-8DB7-E73515D42517}"
EndProject
Project("{FAE04EC0-301F-11D3-BF4B-00C04F79EFBC}") = "Catalog.Service.Commons", "src\Services\Catalog\Catalog.Service.Commons\Catalog.Service.Commons.csproj", "{13980EFB-2226-4453-B703-CFB6EC46E0FE}"
EndProject
Global
	GlobalSection(SolutionConfigurationPlatforms) = preSolution
		Debug|Any CPU = Debug|Any CPU
		Release|Any CPU = Release|Any CPU
	EndGlobalSection
	GlobalSection(ProjectConfigurationPlatforms) = postSolution
		{7D231F45-17AF-4CA2-8BC3-51C798DEEFD9}.Debug|Any CPU.ActiveCfg = Debug|Any CPU
		{7D231F45-17AF-4CA2-8BC3-51C798DEEFD9}.Debug|Any CPU.Build.0 = Debug|Any CPU
		{7D231F45-17AF-4CA2-8BC3-51C798DEEFD9}.Release|Any CPU.ActiveCfg = Release|Any CPU
		{7D231F45-17AF-4CA2-8BC3-51C798DEEFD9}.Release|Any CPU.Build.0 = Release|Any CPU
		{85A99B65-5521-48AF-90A6-3B575A6394CF}.Debug|Any CPU.ActiveCfg = Debug|Any CPU
		{85A99B65-5521-48AF-90A6-3B575A6394CF}.Debug|Any CPU.Build.0 = Debug|Any CPU
		{85A99B65-5521-48AF-90A6-3B575A6394CF}.Release|Any CPU.ActiveCfg = Release|Any CPU
		{85A99B65-5521-48AF-90A6-3B575A6394CF}.Release|Any CPU.Build.0 = Release|Any CPU
		{740A7E37-609E-431E-980D-765DDC6D0D7D}.Debug|Any CPU.ActiveCfg = Debug|Any CPU
		{740A7E37-609E-431E-980D-765DDC6D0D7D}.Debug|Any CPU.Build.0 = Debug|Any CPU
		{740A7E37-609E-431E-980D-765DDC6D0D7D}.Release|Any CPU.ActiveCfg = Release|Any CPU
		{740A7E37-609E-431E-980D-765DDC6D0D7D}.Release|Any CPU.Build.0 = Release|Any CPU
		{5DF987E1-4A47-47E7-8518-69BB651851D0}.Debug|Any CPU.ActiveCfg = Debug|Any CPU
		{5DF987E1-4A47-47E7-8518-69BB651851D0}.Debug|Any CPU.Build.0 = Debug|Any CPU
		{5DF987E1-4A47-47E7-8518-69BB651851D0}.Release|Any CPU.ActiveCfg = Release|Any CPU
		{5DF987E1-4A47-47E7-8518-69BB651851D0}.Release|Any CPU.Build.0 = Release|Any CPU
		{6CEE37B7-6C58-4C3A-9790-E55157C3D5EA}.Debug|Any CPU.ActiveCfg = Debug|Any CPU
		{6CEE37B7-6C58-4C3A-9790-E55157C3D5EA}.Debug|Any CPU.Build.0 = Debug|Any CPU
		{6CEE37B7-6C58-4C3A-9790-E55157C3D5EA}.Release|Any CPU.ActiveCfg = Release|Any CPU
		{6CEE37B7-6C58-4C3A-9790-E55157C3D5EA}.Release|Any CPU.Build.0 = Release|Any CPU
		{CCA32C39-C47C-46B6-B349-9C467C6D07F8}.Debug|Any CPU.ActiveCfg = Debug|Any CPU
		{CCA32C39-C47C-46B6-B349-9C467C6D07F8}.Debug|Any CPU.Build.0 = Debug|Any CPU
		{CCA32C39-C47C-46B6-B349-9C467C6D07F8}.Release|Any CPU.ActiveCfg = Release|Any CPU
		{CCA32C39-C47C-46B6-B349-9C467C6D07F8}.Release|Any CPU.Build.0 = Release|Any CPU
		{1899DE61-4CCC-44F1-B92A-0B7F23FA8748}.Debug|Any CPU.ActiveCfg = Debug|Any CPU
		{1899DE61-4CCC-44F1-B92A-0B7F23FA8748}.Debug|Any CPU.Build.0 = Debug|Any CPU
		{1899DE61-4CCC-44F1-B92A-0B7F23FA8748}.Release|Any CPU.ActiveCfg = Release|Any CPU
		{1899DE61-4CCC-44F1-B92A-0B7F23FA8748}.Release|Any CPU.Build.0 = Release|Any CPU
		{A7C23525-EDC3-4B59-8DB7-E73515D42517}.Debug|Any CPU.ActiveCfg = Debug|Any CPU
		{A7C23525-EDC3-4B59-8DB7-E73515D42517}.Debug|Any CPU.Build.0 = Debug|Any CPU
		{A7C23525-EDC3-4B59-8DB7-E73515D42517}.Release|Any CPU.ActiveCfg = Release|Any CPU
		{A7C23525-EDC3-4B59-8DB7-E73515D42517}.Release|Any CPU.Build.0 = Release|Any CPU
		{13980EFB-2226-4453-B703-CFB6EC46E0FE}.Debug|Any CPU.ActiveCfg = Debug|Any CPU
		{13980EFB-2226-4453-B703-CFB6EC46E0FE}.Debug|Any CPU.Build.0 = Debug|Any CPU
		{13980EFB-2226-4453-B703-CFB6EC46E0FE}.Release|Any CPU.ActiveCfg = Release|Any CPU
		{13980EFB-2226-4453-B703-CFB6EC46E0FE}.Release|Any CPU.Build.0 = Release|Any CPU
	EndGlobalSection
	GlobalSection(SolutionProperties) = preSolution
		HideSolutionNode = FALSE
	EndGlobalSection
	GlobalSection(NestedProjects) = preSolution
		{644D9799-B407-4716-B66B-1B3637BAA949} = {11AC7A5D-322F-43FE-8856-442D456DA812}
		{4F149883-FD2D-4FE2-88F2-62B33F0A986E} = {11AC7A5D-322F-43FE-8856-442D456DA812}
		{E0061C4F-49D2-4D53-88DB-CDA9589D32F8} = {11AC7A5D-322F-43FE-8856-442D456DA812}
		{DC5EFD2A-049E-4D3A-9E3B-BF136A3DC6C7} = {11AC7A5D-322F-43FE-8856-442D456DA812}
		{7D231F45-17AF-4CA2-8BC3-51C798DEEFD9} = {4540751E-8FA8-4746-8498-3F8C152CF67B}
		{4540751E-8FA8-4746-8498-3F8C152CF67B} = {4F149883-FD2D-4FE2-88F2-62B33F0A986E}
		{C082DFD3-C0D9-439A-B61B-D4DDAEEC9AF1} = {4F149883-FD2D-4FE2-88F2-62B33F0A986E}
		{9D24322D-FD3F-4479-84F6-6E3801E72F4E} = {4F149883-FD2D-4FE2-88F2-62B33F0A986E}
		{C2A8E31C-2A32-4B1F-BAC7-A904C90F8CB9} = {4F149883-FD2D-4FE2-88F2-62B33F0A986E}
		{85A99B65-5521-48AF-90A6-3B575A6394CF} = {C2A8E31C-2A32-4B1F-BAC7-A904C90F8CB9}
		{740A7E37-609E-431E-980D-765DDC6D0D7D} = {9D24322D-FD3F-4479-84F6-6E3801E72F4E}
		{B9038D01-8C3C-40ED-8A29-87389CBC5EB0} = {4F149883-FD2D-4FE2-88F2-62B33F0A986E}
		{5DF987E1-4A47-47E7-8518-69BB651851D0} = {B9038D01-8C3C-40ED-8A29-87389CBC5EB0}
		{6CEE37B7-6C58-4C3A-9790-E55157C3D5EA} = {B9038D01-8C3C-40ED-8A29-87389CBC5EB0}
		{CCA32C39-C47C-46B6-B349-9C467C6D07F8} = {B9038D01-8C3C-40ED-8A29-87389CBC5EB0}
		{1899DE61-4CCC-44F1-B92A-0B7F23FA8748} = {C082DFD3-C0D9-439A-B61B-D4DDAEEC9AF1}
		{A7C23525-EDC3-4B59-8DB7-E73515D42517} = {C082DFD3-C0D9-439A-B61B-D4DDAEEC9AF1}
		{13980EFB-2226-4453-B703-CFB6EC46E0FE} = {B9038D01-8C3C-40ED-8A29-87389CBC5EB0}
	EndGlobalSection
	GlobalSection(ExtensibilityGlobals) = postSolution
		SolutionGuid = {87BDEDD7-AE9F-42C7-A3F7-09B88A06FF1C}
	EndGlobalSection
EndGlobal
